// !$*UTF8*$!
{
	archiveVersion = 1;
	classes = {
	};
	objectVersion = 56;
	objects = {

/* Begin PBXBuildFile section */
		1870A2282B4CEDE90077327F /* AppDelegate.swift in Sources */ = {isa = PBXBuildFile; fileRef = 1870A2272B4CEDE90077327F /* AppDelegate.swift */; };
		1870A22A2B4CEDE90077327F /* SceneDelegate.swift in Sources */ = {isa = PBXBuildFile; fileRef = 1870A2292B4CEDE90077327F /* SceneDelegate.swift */; };
		1870A22C2B4CEDE90077327F /* ViewController.swift in Sources */ = {isa = PBXBuildFile; fileRef = 1870A22B2B4CEDE90077327F /* ViewController.swift */; };
		1870A22F2B4CEDE90077327F /* Main.storyboard in Resources */ = {isa = PBXBuildFile; fileRef = 1870A22D2B4CEDE90077327F /* Main.storyboard */; };
		1870A2312B4CEDEC0077327F /* Assets.xcassets in Resources */ = {isa = PBXBuildFile; fileRef = 1870A2302B4CEDEC0077327F /* Assets.xcassets */; };
		1870A2342B4CEDEC0077327F /* LaunchScreen.storyboard in Resources */ = {isa = PBXBuildFile; fileRef = 1870A2322B4CEDEC0077327F /* LaunchScreen.storyboard */; };
		1870A2402B4CF0AF0077327F /* Introduction.storyboard in Resources */ = {isa = PBXBuildFile; fileRef = 1870A23F2B4CF0AF0077327F /* Introduction.storyboard */; };
		546892C85088B8A43AA95187 /* Pods_PetCare.framework in Frameworks */ = {isa = PBXBuildFile; fileRef = 5FD14E9ECF5A4C912E73490F /* Pods_PetCare.framework */; };
/* End PBXBuildFile section */

/* Begin PBXFileReference section */
		1870A2242B4CEDE90077327F /* PetCare.app */ = {isa = PBXFileReference; explicitFileType = wrapper.application; includeInIndex = 0; path = PetCare.app; sourceTree = BUILT_PRODUCTS_DIR; };
		1870A2272B4CEDE90077327F /* AppDelegate.swift */ = {isa = PBXFileReference; lastKnownFileType = sourcecode.swift; path = AppDelegate.swift; sourceTree = "<group>"; };
		1870A2292B4CEDE90077327F /* SceneDelegate.swift */ = {isa = PBXFileReference; lastKnownFileType = sourcecode.swift; path = SceneDelegate.swift; sourceTree = "<group>"; };
		1870A22B2B4CEDE90077327F /* ViewController.swift */ = {isa = PBXFileReference; lastKnownFileType = sourcecode.swift; path = ViewController.swift; sourceTree = "<group>"; };
		1870A22E2B4CEDE90077327F /* Base */ = {isa = PBXFileReference; lastKnownFileType = file.storyboard; name = Base; path = Base.lproj/Main.storyboard; sourceTree = "<group>"; };
		1870A2302B4CEDEC0077327F /* Assets.xcassets */ = {isa = PBXFileReference; lastKnownFileType = folder.assetcatalog; path = Assets.xcassets; sourceTree = "<group>"; };
		1870A2332B4CEDEC0077327F /* Base */ = {isa = PBXFileReference; lastKnownFileType = file.storyboard; name = Base; path = Base.lproj/LaunchScreen.storyboard; sourceTree = "<group>"; };
		1870A2352B4CEDEC0077327F /* Info.plist */ = {isa = PBXFileReference; lastKnownFileType = text.plist.xml; path = Info.plist; sourceTree = "<group>"; };
		1870A23F2B4CF0AF0077327F /* Introduction.storyboard */ = {isa = PBXFileReference; lastKnownFileType = file.storyboard; path = Introduction.storyboard; sourceTree = "<group>"; };
		1AA9E4281D95F307F859BB33 /* Pods-PetCare.debug.xcconfig */ = {isa = PBXFileReference; includeInIndex = 1; lastKnownFileType = text.xcconfig; name = "Pods-PetCare.debug.xcconfig"; path = "Target Support Files/Pods-PetCare/Pods-PetCare.debug.xcconfig"; sourceTree = "<group>"; };
		5FD14E9ECF5A4C912E73490F /* Pods_PetCare.framework */ = {isa = PBXFileReference; explicitFileType = wrapper.framework; includeInIndex = 0; path = Pods_PetCare.framework; sourceTree = BUILT_PRODUCTS_DIR; };
		CD349F04ED5E30BD6DE3DBC1 /* Pods-PetCare.release.xcconfig */ = {isa = PBXFileReference; includeInIndex = 1; lastKnownFileType = text.xcconfig; name = "Pods-PetCare.release.xcconfig"; path = "Target Support Files/Pods-PetCare/Pods-PetCare.release.xcconfig"; sourceTree = "<group>"; };
/* End PBXFileReference section */

/* Begin PBXFrameworksBuildPhase section */
		1870A2212B4CEDE90077327F /* Frameworks */ = {
			isa = PBXFrameworksBuildPhase;
			buildActionMask = 2147483647;
			files = (
				546892C85088B8A43AA95187 /* Pods_PetCare.framework in Frameworks */,
			);
			runOnlyForDeploymentPostprocessing = 0;
		};
/* End PBXFrameworksBuildPhase section */

/* Begin PBXGroup section */
		1870A21B2B4CEDE90077327F = {
			isa = PBXGroup;
			children = (
				1870A2262B4CEDE90077327F /* PetCare */,
				1870A2252B4CEDE90077327F /* Products */,
				80F5EAFC4DD80F06A5558D8A /* Pods */,
				E69086BB3DAC9198549D4B2F /* Frameworks */,
			);
			sourceTree = "<group>";
		};
		1870A2252B4CEDE90077327F /* Products */ = {
			isa = PBXGroup;
			children = (
				1870A2242B4CEDE90077327F /* PetCare.app */,
			);
			name = Products;
			sourceTree = "<group>";
		};
		1870A2262B4CEDE90077327F /* PetCare */ = {
			isa = PBXGroup;
			children = (
				1870A23B2B4CEF540077327F /* Components */,
				1870A23C2B4CEF5F0077327F /* Core */,
				1870A2272B4CEDE90077327F /* AppDelegate.swift */,
				1870A2292B4CEDE90077327F /* SceneDelegate.swift */,
				1870A22B2B4CEDE90077327F /* ViewController.swift */,
				1870A22D2B4CEDE90077327F /* Main.storyboard */,
				1870A2302B4CEDEC0077327F /* Assets.xcassets */,
				1870A2322B4CEDEC0077327F /* LaunchScreen.storyboard */,
				1870A2352B4CEDEC0077327F /* Info.plist */,
			);
			path = PetCare;
			sourceTree = "<group>";
		};
		1870A23B2B4CEF540077327F /* Components */ = {
			isa = PBXGroup;
			children = (
				1870A23D2B4CF0440077327F /* Introductions */,
			);
			path = Components;
			sourceTree = "<group>";
		};
		1870A23C2B4CEF5F0077327F /* Core */ = {
			isa = PBXGroup;
			children = (
			);
			path = Core;
			sourceTree = "<group>";
		};
		1870A23D2B4CF0440077327F /* Introductions */ = {
			isa = PBXGroup;
			children = (
				1870A23E2B4CF05B0077327F /* Delegate */,
				1870A23F2B4CF0AF0077327F /* Introduction.storyboard */,
			);
			path = Introductions;
			sourceTree = "<group>";
		};
		1870A23E2B4CF05B0077327F /* Delegate */ = {
			isa = PBXGroup;
			children = (
			);
			path = Delegate;
			sourceTree = "<group>";
		};
		80F5EAFC4DD80F06A5558D8A /* Pods */ = {
			isa = PBXGroup;
			children = (
				1AA9E4281D95F307F859BB33 /* Pods-PetCare.debug.xcconfig */,
				CD349F04ED5E30BD6DE3DBC1 /* Pods-PetCare.release.xcconfig */,
			);
			name = Pods;
			path = Pods;
			sourceTree = "<group>";
		};
		E69086BB3DAC9198549D4B2F /* Frameworks */ = {
			isa = PBXGroup;
			children = (
				5FD14E9ECF5A4C912E73490F /* Pods_PetCare.framework */,
			);
			name = Frameworks;
			sourceTree = "<group>";
		};
/* End PBXGroup section */

/* Begin PBXNativeTarget section */
		1870A2232B4CEDE90077327F /* PetCare */ = {
			isa = PBXNativeTarget;
			buildConfigurationList = 1870A2382B4CEDEC0077327F /* Build configuration list for PBXNativeTarget "PetCare" */;
			buildPhases = (
				BA2567855710BF53337197A5 /* [CP] Check Pods Manifest.lock */,
				1870A2202B4CEDE90077327F /* Sources */,
				1870A2212B4CEDE90077327F /* Frameworks */,
				1870A2222B4CEDE90077327F /* Resources */,
				CAB92D0923546686B3C6F0F7 /* [CP] Embed Pods Frameworks */,
			);
			buildRules = (
			);
			dependencies = (
			);
			name = PetCare;
			productName = PetCare;
			productReference = 1870A2242B4CEDE90077327F /* PetCare.app */;
			productType = "com.apple.product-type.application";
		};
/* End PBXNativeTarget section */

/* Begin PBXProject section */
		1870A21C2B4CEDE90077327F /* Project object */ = {
			isa = PBXProject;
			attributes = {
				BuildIndependentTargetsInParallel = 1;
				LastSwiftUpdateCheck = 1430;
				LastUpgradeCheck = 1430;
				TargetAttributes = {
					1870A2232B4CEDE90077327F = {
						CreatedOnToolsVersion = 14.3;
					};
				};
			};
			buildConfigurationList = 1870A21F2B4CEDE90077327F /* Build configuration list for PBXProject "PetCare" */;
			compatibilityVersion = "Xcode 14.0";
			developmentRegion = en;
			hasScannedForEncodings = 0;
			knownRegions = (
				en,
				Base,
			);
			mainGroup = 1870A21B2B4CEDE90077327F;
			productRefGroup = 1870A2252B4CEDE90077327F /* Products */;
			projectDirPath = "";
			projectRoot = "";
			targets = (
				1870A2232B4CEDE90077327F /* PetCare */,
			);
		};
/* End PBXProject section */

/* Begin PBXResourcesBuildPhase section */
		1870A2222B4CEDE90077327F /* Resources */ = {
			isa = PBXResourcesBuildPhase;
			buildActionMask = 2147483647;
			files = (
				1870A2402B4CF0AF0077327F /* Introduction.storyboard in Resources */,
				1870A2342B4CEDEC0077327F /* LaunchScreen.storyboard in Resources */,
				1870A2312B4CEDEC0077327F /* Assets.xcassets in Resources */,
				1870A22F2B4CEDE90077327F /* Main.storyboard in Resources */,
			);
			runOnlyForDeploymentPostprocessing = 0;
		};
/* End PBXResourcesBuildPhase section */

/* Begin PBXShellScriptBuildPhase section */
		BA2567855710BF53337197A5 /* [CP] Check Pods Manifest.lock */ = {
			isa = PBXShellScriptBuildPhase;
			buildActionMask = 2147483647;
			files = (
			);
			inputFileListPaths = (
			);
			inputPaths = (
				"${PODS_PODFILE_DIR_PATH}/Podfile.lock",
				"${PODS_ROOT}/Manifest.lock",
			);
			name = "[CP] Check Pods Manifest.lock";
			outputFileListPaths = (
			);
			outputPaths = (
				"$(DERIVED_FILE_DIR)/Pods-PetCare-checkManifestLockResult.txt",
			);
			runOnlyForDeploymentPostprocessing = 0;
			shellPath = /bin/sh;
			shellScript = "diff \"${PODS_PODFILE_DIR_PATH}/Podfile.lock\" \"${PODS_ROOT}/Manifest.lock\" > /dev/null\nif [ $? != 0 ] ; then\n    # print error to STDERR\n    echo \"error: The sandbox is not in sync with the Podfile.lock. Run 'pod install' or update your CocoaPods installation.\" >&2\n    exit 1\nfi\n# This output is used by Xcode 'outputs' to avoid re-running this script phase.\necho \"SUCCESS\" > \"${SCRIPT_OUTPUT_FILE_0}\"\n";
			showEnvVarsInLog = 0;
		};
		CAB92D0923546686B3C6F0F7 /* [CP] Embed Pods Frameworks */ = {
			isa = PBXShellScriptBuildPhase;
			buildActionMask = 2147483647;
			files = (
			);
			inputFileListPaths = (
				"${PODS_ROOT}/Target Support Files/Pods-PetCare/Pods-PetCare-frameworks-${CONFIGURATION}-input-files.xcfilelist",
			);
			name = "[CP] Embed Pods Frameworks";
			outputFileListPaths = (
				"${PODS_ROOT}/Target Support Files/Pods-PetCare/Pods-PetCare-frameworks-${CONFIGURATION}-output-files.xcfilelist",
			);
			runOnlyForDeploymentPostprocessing = 0;
			shellPath = /bin/sh;
			shellScript = "\"${PODS_ROOT}/Target Support Files/Pods-PetCare/Pods-PetCare-frameworks.sh\"\n";
			showEnvVarsInLog = 0;
		};
/* End PBXShellScriptBuildPhase section */

/* Begin PBXSourcesBuildPhase section */
		1870A2202B4CEDE90077327F /* Sources */ = {
			isa = PBXSourcesBuildPhase;
			buildActionMask = 2147483647;
			files = (
				1870A22C2B4CEDE90077327F /* ViewController.swift in Sources */,
				1870A2282B4CEDE90077327F /* AppDelegate.swift in Sources */,
				1870A22A2B4CEDE90077327F /* SceneDelegate.swift in Sources */,
			);
			runOnlyForDeploymentPostprocessing = 0;
		};
/* End PBXSourcesBuildPhase section */

/* Begin PBXVariantGroup section */
		1870A22D2B4CEDE90077327F /* Main.storyboard */ = {
			isa = PBXVariantGroup;
			children = (
				1870A22E2B4CEDE90077327F /* Base */,
			);
			name = Main.storyboard;
			sourceTree = "<group>";
		};
		1870A2322B4CEDEC0077327F /* LaunchScreen.storyboard */ = {
			isa = PBXVariantGroup;
			children = (
				1870A2332B4CEDEC0077327F /* Base */,
			);
			name = LaunchScreen.storyboard;
			sourceTree = "<group>";
		};
/* End PBXVariantGroup section */

/* Begin XCBuildConfiguration section */
		1870A2362B4CEDEC0077327F /* Debug */ = {
			isa = XCBuildConfiguration;
			buildSettings = {
				ALWAYS_SEARCH_USER_PATHS = NO;
				CLANG_ANALYZER_NONNULL = YES;
				CLANG_ANALYZER_NUMBER_OBJECT_CONVERSION = YES_AGGRESSIVE;
				CLANG_CXX_LANGUAGE_STANDARD = "gnu++20";
				CLANG_ENABLE_MODULES = YES;
				CLANG_ENABLE_OBJC_ARC = YES;
				CLANG_ENABLE_OBJC_WEAK = YES;
				CLANG_WARN_BLOCK_CAPTURE_AUTORELEASING = YES;
				CLANG_WARN_BOOL_CONVERSION = YES;
				CLANG_WARN_COMMA = YES;
				CLANG_WARN_CONSTANT_CONVERSION = YES;
				CLANG_WARN_DEPRECATED_OBJC_IMPLEMENTATIONS = YES;
				CLANG_WARN_DIRECT_OBJC_ISA_USAGE = YES_ERROR;
				CLANG_WARN_DOCUMENTATION_COMMENTS = YES;
				CLANG_WARN_EMPTY_BODY = YES;
				CLANG_WARN_ENUM_CONVERSION = YES;
				CLANG_WARN_INFINITE_RECURSION = YES;
				CLANG_WARN_INT_CONVERSION = YES;
				CLANG_WARN_NON_LITERAL_NULL_CONVERSION = YES;
				CLANG_WARN_OBJC_IMPLICIT_RETAIN_SELF = YES;
				CLANG_WARN_OBJC_LITERAL_CONVERSION = YES;
				CLANG_WARN_OBJC_ROOT_CLASS = YES_ERROR;
				CLANG_WARN_QUOTED_INCLUDE_IN_FRAMEWORK_HEADER = YES;
				CLANG_WARN_RANGE_LOOP_ANALYSIS = YES;
				CLANG_WARN_STRICT_PROTOTYPES = YES;
				CLANG_WARN_SUSPICIOUS_MOVE = YES;
				CLANG_WARN_UNGUARDED_AVAILABILITY = YES_AGGRESSIVE;
				CLANG_WARN_UNREACHABLE_CODE = YES;
				CLANG_WARN__DUPLICATE_METHOD_MATCH = YES;
				COPY_PHASE_STRIP = NO;
				DEBUG_INFORMATION_FORMAT = dwarf;
				ENABLE_STRICT_OBJC_MSGSEND = YES;
				ENABLE_TESTABILITY = YES;
				GCC_C_LANGUAGE_STANDARD = gnu11;
				GCC_DYNAMIC_NO_PIC = NO;
				GCC_NO_COMMON_BLOCKS = YES;
				GCC_OPTIMIZATION_LEVEL = 0;
				GCC_PREPROCESSOR_DEFINITIONS = (
					"DEBUG=1",
					"$(inherited)",
				);
				GCC_WARN_64_TO_32_BIT_CONVERSION = YES;
				GCC_WARN_ABOUT_RETURN_TYPE = YES_ERROR;
				GCC_WARN_UNDECLARED_SELECTOR = YES;
				GCC_WARN_UNINITIALIZED_AUTOS = YES_AGGRESSIVE;
				GCC_WARN_UNUSED_FUNCTION = YES;
				GCC_WARN_UNUSED_VARIABLE = YES;
				IPHONEOS_DEPLOYMENT_TARGET = 16.4;
				MTL_ENABLE_DEBUG_INFO = INCLUDE_SOURCE;
				MTL_FAST_MATH = YES;
				ONLY_ACTIVE_ARCH = YES;
				SDKROOT = iphoneos;
				SWIFT_ACTIVE_COMPILATION_CONDITIONS = DEBUG;
				SWIFT_OPTIMIZATION_LEVEL = "-Onone";
			};
			name = Debug;
		};
		1870A2372B4CEDEC0077327F /* Release */ = {
			isa = XCBuildConfiguration;
			buildSettings = {
				ALWAYS_SEARCH_USER_PATHS = NO;
				CLANG_ANALYZER_NONNULL = YES;
				CLANG_ANALYZER_NUMBER_OBJECT_CONVERSION = YES_AGGRESSIVE;
				CLANG_CXX_LANGUAGE_STANDARD = "gnu++20";
				CLANG_ENABLE_MODULES = YES;
				CLANG_ENABLE_OBJC_ARC = YES;
				CLANG_ENABLE_OBJC_WEAK = YES;
				CLANG_WARN_BLOCK_CAPTURE_AUTORELEASING = YES;
				CLANG_WARN_BOOL_CONVERSION = YES;
				CLANG_WARN_COMMA = YES;
				CLANG_WARN_CONSTANT_CONVERSION = YES;
				CLANG_WARN_DEPRECATED_OBJC_IMPLEMENTATIONS = YES;
				CLANG_WARN_DIRECT_OBJC_ISA_USAGE = YES_ERROR;
				CLANG_WARN_DOCUMENTATION_COMMENTS = YES;
				CLANG_WARN_EMPTY_BODY = YES;
				CLANG_WARN_ENUM_CONVERSION = YES;
				CLANG_WARN_INFINITE_RECURSION = YES;
				CLANG_WARN_INT_CONVERSION = YES;
				CLANG_WARN_NON_LITERAL_NULL_CONVERSION = YES;
				CLANG_WARN_OBJC_IMPLICIT_RETAIN_SELF = YES;
				CLANG_WARN_OBJC_LITERAL_CONVERSION = YES;
				CLANG_WARN_OBJC_ROOT_CLASS = YES_ERROR;
				CLANG_WARN_QUOTED_INCLUDE_IN_FRAMEWORK_HEADER = YES;
				CLANG_WARN_RANGE_LOOP_ANALYSIS = YES;
				CLANG_WARN_STRICT_PROTOTYPES = YES;
				CLANG_WARN_SUSPICIOUS_MOVE = YES;
				CLANG_WARN_UNGUARDED_AVAILABILITY = YES_AGGRESSIVE;
				CLANG_WARN_UNREACHABLE_CODE = YES;
				CLANG_WARN__DUPLICATE_METHOD_MATCH = YES;
				COPY_PHASE_STRIP = NO;
				DEBUG_INFORMATION_FORMAT = "dwarf-with-dsym";
				ENABLE_NS_ASSERTIONS = NO;
				ENABLE_STRICT_OBJC_MSGSEND = YES;
				GCC_C_LANGUAGE_STANDARD = gnu11;
				GCC_NO_COMMON_BLOCKS = YES;
				GCC_WARN_64_TO_32_BIT_CONVERSION = YES;
				GCC_WARN_ABOUT_RETURN_TYPE = YES_ERROR;
				GCC_WARN_UNDECLARED_SELECTOR = YES;
				GCC_WARN_UNINITIALIZED_AUTOS = YES_AGGRESSIVE;
				GCC_WARN_UNUSED_FUNCTION = YES;
				GCC_WARN_UNUSED_VARIABLE = YES;
				IPHONEOS_DEPLOYMENT_TARGET = 16.4;
				MTL_ENABLE_DEBUG_INFO = NO;
				MTL_FAST_MATH = YES;
				SDKROOT = iphoneos;
				SWIFT_COMPILATION_MODE = wholemodule;
				SWIFT_OPTIMIZATION_LEVEL = "-O";
				VALIDATE_PRODUCT = YES;
			};
			name = Release;
		};
		1870A2392B4CEDEC0077327F /* Debug */ = {
			isa = XCBuildConfiguration;
			baseConfigurationReference = 1AA9E4281D95F307F859BB33 /* Pods-PetCare.debug.xcconfig */;
			buildSettings = {
				ASSETCATALOG_COMPILER_APPICON_NAME = AppIcon;
				ASSETCATALOG_COMPILER_GLOBAL_ACCENT_COLOR_NAME = AccentColor;
				CODE_SIGN_STYLE = Automatic;
				CURRENT_PROJECT_VERSION = 1;
				DEVELOPMENT_TEAM = 97ZYCS5A6W;
				GENERATE_INFOPLIST_FILE = YES;
				INFOPLIST_FILE = PetCare/Info.plist;
				INFOPLIST_KEY_UIApplicationSupportsIndirectInputEvents = YES;
				INFOPLIST_KEY_UILaunchStoryboardName = LaunchScreen;
				INFOPLIST_KEY_UIMainStoryboardFile = Main;
				INFOPLIST_KEY_UISupportedInterfaceOrientations_iPad = "UIInterfaceOrientationPortrait UIInterfaceOrientationPortraitUpsideDown UIInterfaceOrientationLandscapeLeft UIInterfaceOrientationLandscapeRight";
				INFOPLIST_KEY_UISupportedInterfaceOrientations_iPhone = "UIInterfaceOrientationPortrait UIInterfaceOrientationLandscapeLeft UIInterfaceOrientationLandscapeRight";
				LD_RUNPATH_SEARCH_PATHS = (
					"$(inherited)",
					"@executable_path/Frameworks",
				);
				MARKETING_VERSION = 1.0;
				PRODUCT_BUNDLE_IDENTIFIER = minh.PetCare;
				PRODUCT_NAME = "$(TARGET_NAME)";
				SWIFT_EMIT_LOC_STRINGS = YES;
				SWIFT_VERSION = 5.0;
				TARGETED_DEVICE_FAMILY = "1,2";
			};
			name = Debug;
		};
		1870A23A2B4CEDEC0077327F /* Release */ = {
			isa = XCBuildConfiguration;
			baseConfigurationReference = CD349F04ED5E30BD6DE3DBC1 /* Pods-PetCare.release.xcconfig */;
			buildSettings = {
				ASSETCATALOG_COMPILER_APPICON_NAME = AppIcon;
				ASSETCATALOG_COMPILER_GLOBAL_ACCENT_COLOR_NAME = AccentColor;
				CODE_SIGN_STYLE = Automatic;
				CURRENT_PROJECT_VERSION = 1;
				DEVELOPMENT_TEAM = 97ZYCS5A6W;
				GENERATE_INFOPLIST_FILE = YES;
				INFOPLIST_FILE = PetCare/Info.plist;
				INFOPLIST_KEY_UIApplicationSupportsIndirectInputEvents = YES;
				INFOPLIST_KEY_UILaunchStoryboardName = LaunchScreen;
				INFOPLIST_KEY_UIMainStoryboardFile = Main;
				INFOPLIST_KEY_UISupportedInterfaceOrientations_iPad = "UIInterfaceOrientationPortrait UIInterfaceOrientationPortraitUpsideDown UIInterfaceOrientationLandscapeLeft UIInterfaceOrientationLandscapeRight";
				INFOPLIST_KEY_UISupportedInterfaceOrientations_iPhone = "UIInterfaceOrientationPortrait UIInterfaceOrientationLandscapeLeft UIInterfaceOrientationLandscapeRight";
				LD_RUNPATH_SEARCH_PATHS = (
					"$(inherited)",
					"@executable_path/Frameworks",
				);
				MARKETING_VERSION = 1.0;
				PRODUCT_BUNDLE_IDENTIFIER = minh.PetCare;
				PRODUCT_NAME = "$(TARGET_NAME)";
				SWIFT_EMIT_LOC_STRINGS = YES;
				SWIFT_VERSION = 5.0;
				TARGETED_DEVICE_FAMILY = "1,2";
			};
			name = Release;
		};
/* End XCBuildConfiguration section */

/* Begin XCConfigurationList section */
		1870A21F2B4CEDE90077327F /* Build configuration list for PBXProject "PetCare" */ = {
			isa = XCConfigurationList;
			buildConfigurations = (
				1870A2362B4CEDEC0077327F /* Debug */,
				1870A2372B4CEDEC0077327F /* Release */,
			);
			defaultConfigurationIsVisible = 0;
			defaultConfigurationName = Release;
		};
		1870A2382B4CEDEC0077327F /* Build configuration list for PBXNativeTarget "PetCare" */ = {
			isa = XCConfigurationList;
			buildConfigurations = (
				1870A2392B4CEDEC0077327F /* Debug */,
				1870A23A2B4CEDEC0077327F /* Release */,
			);
			defaultConfigurationIsVisible = 0;
			defaultConfigurationName = Release;
		};
/* End XCConfigurationList section */
	};
	rootObject = 1870A21C2B4CEDE90077327F /* Project object */;
}
